
Microsoft Visual Studio Solution File, Format Version 12.00
# Visual Studio Version 17
VisualStudioVersion = 17.3.32901.215
MinimumVisualStudioVersion = 10.0.40219.1
Project("{FAE04EC0-301F-11D3-BF4B-00C04F79EFBC}") = "algo1", "algo1\algo1.csproj", "{3B98B5CE-C74B-453F-B5BF-91762942055B}"
EndProject
Global
	GlobalSection(SolutionConfigurationPlatforms) = preSolution
		Debug|Any CPU = Debug|Any CPU
		Release|Any CPU = Release|Any CPU
	EndGlobalSection
	GlobalSection(ProjectConfigurationPlatforms) = postSolution
		{3B98B5CE-C74B-453F-B5BF-91762942055B}.Debug|Any CPU.ActiveCfg = Debug|Any CPU
		{3B98B5CE-C74B-453F-B5BF-91762942055B}.Debug|Any CPU.Build.0 = Debug|Any CPU
		{3B98B5CE-C74B-453F-B5BF-91762942055B}.Release|Any CPU.ActiveCfg = Release|Any CPU
		{3B98B5CE-C74B-453F-B5BF-91762942055B}.Release|Any CPU.Build.0 = Release|Any CPU
	EndGlobalSection
	GlobalSection(SolutionProperties) = preSolution
		HideSolutionNode = FALSE
	EndGlobalSection
	GlobalSection(ExtensibilityGlobals) = postSolution
		SolutionGuid = {B901C94F-D772-49B3-A49C-49225EE40B2F}
	EndGlobalSection
EndGlobal
